
Microsoft Visual Studio Solution File, Format Version 12.00
# Visual Studio Version 17
VisualStudioVersion = 17.0.31903.59
MinimumVisualStudioVersion = 10.0.40219.1
Project("{9A19103F-16F7-4668-BE54-9A1E7A4F7556}") = "SBSender", "SBSender\SBSender.csproj", "{457D2E75-2506-4CE5-9E0F-7E18FE6F06FE}"
EndProject
Project("{9A19103F-16F7-4668-BE54-9A1E7A4F7556}") = "SBShared", "SBManager\SBShared.csproj", "{539171DD-DB19-447D-9544-33BFE6D568F4}"
EndProject
Project("{FAE04EC0-301F-11D3-BF4B-00C04F79EFBC}") = "SBReceiver", "SBReceiver\SBReceiver.csproj", "{68BAEF90-9474-4203-BB1C-68399534BA58}"
EndProject
Global
	GlobalSection(SolutionConfigurationPlatforms) = preSolution
		Debug|Any CPU = Debug|Any CPU
		Release|Any CPU = Release|Any CPU
	EndGlobalSection
	GlobalSection(ProjectConfigurationPlatforms) = postSolution
		{457D2E75-2506-4CE5-9E0F-7E18FE6F06FE}.Debug|Any CPU.ActiveCfg = Debug|Any CPU
		{457D2E75-2506-4CE5-9E0F-7E18FE6F06FE}.Debug|Any CPU.Build.0 = Debug|Any CPU
		{457D2E75-2506-4CE5-9E0F-7E18FE6F06FE}.Release|Any CPU.ActiveCfg = Release|Any CPU
		{457D2E75-2506-4CE5-9E0F-7E18FE6F06FE}.Release|Any CPU.Build.0 = Release|Any CPU
		{539171DD-DB19-447D-9544-33BFE6D568F4}.Debug|Any CPU.ActiveCfg = Debug|Any CPU
		{539171DD-DB19-447D-9544-33BFE6D568F4}.Debug|Any CPU.Build.0 = Debug|Any CPU
		{539171DD-DB19-447D-9544-33BFE6D568F4}.Release|Any CPU.ActiveCfg = Release|Any CPU
		{539171DD-DB19-447D-9544-33BFE6D568F4}.Release|Any CPU.Build.0 = Release|Any CPU
		{68BAEF90-9474-4203-BB1C-68399534BA58}.Debug|Any CPU.ActiveCfg = Debug|Any CPU
		{68BAEF90-9474-4203-BB1C-68399534BA58}.Debug|Any CPU.Build.0 = Debug|Any CPU
		{68BAEF90-9474-4203-BB1C-68399534BA58}.Release|Any CPU.ActiveCfg = Release|Any CPU
		{68BAEF90-9474-4203-BB1C-68399534BA58}.Release|Any CPU.Build.0 = Release|Any CPU
	EndGlobalSection
	GlobalSection(SolutionProperties) = preSolution
		HideSolutionNode = FALSE
	EndGlobalSection
	GlobalSection(ExtensibilityGlobals) = postSolution
		SolutionGuid = {5FE3C162-F5FD-40EB-A5DE-A0FA51BA45AD}
	EndGlobalSection
EndGlobal
